
Microsoft Visual Studio Solution File, Format Version 12.00
# Visual Studio Version 17
VisualStudioVersion = 17.1.32414.318
MinimumVisualStudioVersion = 10.0.40219.1
Project("{9A19103F-16F7-4668-BE54-9A1E7A4F7556}") = "Student Housing", "Student Housing.csproj", "{54086065-D40E-4480-B71D-D554810E6976}"
EndProject
Project("{2150E333-8FDC-42A3-9474-1A3956D46DE8}") = "Solution Items", "Solution Items", "{BF3C1EF6-0250-4831-84C1-EDF54FB318BC}"
	ProjectSection(SolutionItems) = preProject
		.editorconfig = .editorconfig
	EndProjectSection
EndProject
Global
	GlobalSection(SolutionConfigurationPlatforms) = preSolution
		Debug|Any CPU = Debug|Any CPU
		Release|Any CPU = Release|Any CPU
	EndGlobalSection
	GlobalSection(ProjectConfigurationPlatforms) = postSolution
		{54086065-D40E-4480-B71D-D554810E6976}.Debug|Any CPU.ActiveCfg = Debug|Any CPU
		{54086065-D40E-4480-B71D-D554810E6976}.Debug|Any CPU.Build.0 = Debug|Any CPU
		{54086065-D40E-4480-B71D-D554810E6976}.Release|Any CPU.ActiveCfg = Release|Any CPU
		{54086065-D40E-4480-B71D-D554810E6976}.Release|Any CPU.Build.0 = Release|Any CPU
	EndGlobalSection
	GlobalSection(SolutionProperties) = preSolution
		HideSolutionNode = FALSE
	EndGlobalSection
	GlobalSection(ExtensibilityGlobals) = postSolution
		SolutionGuid = {DF02BF80-21DA-4E86-8519-EBB599540874}
	EndGlobalSection
EndGlobal
